<?xml version="1.0" encoding="UTF-8" standalone="yes" ?>
<CodeBlocks_project_file>
	<FileVersion major="1" minor="6" />
	<Project>
		<Option title="Practica2.2_Server" />
		<Option pch_mode="2" />
		<Option compiler="gcc" />
		<Build>
			<Target title="Debug">
				<Option output="bin/Debug/Practica2" prefix_auto="1" extension_auto="1" />
				<Option object_output="obj/Debug/" />
				<Option type="1" />
				<Option compiler="gcc" />
				<Compiler>
					<Add option="-g" />
				</Compiler>
				<Linker>
					<Add library="../mysql-connector/lib64/libmysqlcppconn.so" />
					<Add library="../mysql-connector/lib64/libmysqlcppconn8.so" />
					<Add library="../SFML-2.5.1/lib/libsfml-graphics.so" />
					<Add library="../SFML-2.5.1/lib/libsfml-network.so" />
					<Add library="../SFML-2.5.1/lib/libsfml-system.so" />
					<Add library="../SFML-2.5.1/lib/libsfml-window.so" />
				</Linker>
			</Target>
			<Target title="Release">
				<Option output="bin/Release/Practica2" prefix_auto="1" extension_auto="1" />
				<Option object_output="obj/Release/" />
				<Option type="1" />
				<Option compiler="gcc" />
				<Compiler>
					<Add option="-O2" />
				</Compiler>
				<Linker>
					<Add option="-s" />
				</Linker>
			</Target>
		</Build>
		<Compiler>
			<Add option="-Wall" />
			<Add option="-fexceptions" />
			<Add directory="../SFML-2.5.1/include" />
			<Add directory="../mysql-connector/include" />
		</Compiler>
		<Linker>
			<Add directory="../SFML-2.5.1/lib" />
			<Add directory="../mysql-connector/lib64" />
		</Linker>
		<Unit filename="main.cpp" />
		<Extensions>
			<code_completion />
			<debugger />
		</Extensions>
	</Project>
</CodeBlocks_project_file>
